
Microsoft Visual Studio Solution File, Format Version 12.00
# Visual Studio Version 17
VisualStudioVersion = 17.3.32901.215
MinimumVisualStudioVersion = 10.0.40219.1
Project("{FAE04EC0-301F-11D3-BF4B-00C04F79EFBC}") = "ChatGrpc.Client", "ChatGrpc.Client\ChatGrpc.Client.csproj", "{76DCCDCD-D74B-4B2D-A858-98A0305762AF}"
EndProject
Project("{FAE04EC0-301F-11D3-BF4B-00C04F79EFBC}") = "ChatGrpc.Server", "ChatGrpc.Server\ChatGrpc.Server.csproj", "{02530F23-BA94-4100-A266-DD4A5EAE9410}"
EndProject
Global
	GlobalSection(SolutionConfigurationPlatforms) = preSolution
		Debug|Any CPU = Debug|Any CPU
		Release|Any CPU = Release|Any CPU
	EndGlobalSection
	GlobalSection(ProjectConfigurationPlatforms) = postSolution
		{76DCCDCD-D74B-4B2D-A858-98A0305762AF}.Debug|Any CPU.ActiveCfg = Debug|Any CPU
		{76DCCDCD-D74B-4B2D-A858-98A0305762AF}.Debug|Any CPU.Build.0 = Debug|Any CPU
		{76DCCDCD-D74B-4B2D-A858-98A0305762AF}.Release|Any CPU.ActiveCfg = Release|Any CPU
		{76DCCDCD-D74B-4B2D-A858-98A0305762AF}.Release|Any CPU.Build.0 = Release|Any CPU
		{02530F23-BA94-4100-A266-DD4A5EAE9410}.Debug|Any CPU.ActiveCfg = Debug|Any CPU
		{02530F23-BA94-4100-A266-DD4A5EAE9410}.Debug|Any CPU.Build.0 = Debug|Any CPU
		{02530F23-BA94-4100-A266-DD4A5EAE9410}.Release|Any CPU.ActiveCfg = Release|Any CPU
		{02530F23-BA94-4100-A266-DD4A5EAE9410}.Release|Any CPU.Build.0 = Release|Any CPU
	EndGlobalSection
	GlobalSection(SolutionProperties) = preSolution
		HideSolutionNode = FALSE
	EndGlobalSection
	GlobalSection(ExtensibilityGlobals) = postSolution
		SolutionGuid = {D4762306-82A9-404D-BF93-07BCC8377BA7}
	EndGlobalSection
EndGlobal
